
Microsoft Visual Studio Solution File, Format Version 12.00
# Visual Studio Version 17
VisualStudioVersion = 17.11.35327.3
MinimumVisualStudioVersion = 10.0.40219.1
Project("{FAE04EC0-301F-11D3-BF4B-00C04F79EFBC}") = "LeetCode2025", "LeetCode2025.csproj", "{F135939A-AC86-420C-B62C-FE55967B0C0E}"
EndProject
Global
	GlobalSection(SolutionConfigurationPlatforms) = preSolution
		Debug|Any CPU = Debug|Any CPU
		Release|Any CPU = Release|Any CPU
	EndGlobalSection
	GlobalSection(ProjectConfigurationPlatforms) = postSolution
		{F135939A-AC86-420C-B62C-FE55967B0C0E}.Debug|Any CPU.ActiveCfg = Debug|Any CPU
		{F135939A-AC86-420C-B62C-FE55967B0C0E}.Debug|Any CPU.Build.0 = Debug|Any CPU
		{F135939A-AC86-420C-B62C-FE55967B0C0E}.Release|Any CPU.ActiveCfg = Release|Any CPU
		{F135939A-AC86-420C-B62C-FE55967B0C0E}.Release|Any CPU.Build.0 = Release|Any CPU
	EndGlobalSection
	GlobalSection(SolutionProperties) = preSolution
		HideSolutionNode = FALSE
	EndGlobalSection
	GlobalSection(ExtensibilityGlobals) = postSolution
		SolutionGuid = {C7FF5235-C9DC-443F-BCA4-16992BE18C8C}
	EndGlobalSection
EndGlobal
